
Microsoft Visual Studio Solution File, Format Version 12.00
# Visual Studio 14
VisualStudioVersion = 14.0.25420.1
MinimumVisualStudioVersion = 10.0.40219.1
Project("{FAE04EC0-301F-11D3-BF4B-00C04F79EFBC}") = "Word-Add-in-JavaScript-MDConversion", "Word-Add-in-JavaScript-MDConversion\Word-Add-in-JavaScript-MDConversion.csproj", "{C45A8254-2B28-4B0B-9710-243614EE79CE}"
EndProject
Project("{FAE04EC0-301F-11D3-BF4B-00C04F79EFBC}") = "Word-Add-in-JavaScript-MDConversionWeb", "Word-Add-in-JavaScript-MDConversionWeb\Word-Add-in-JavaScript-MDConversionWeb.csproj", "{D046B860-A41D-44B6-9088-D7B356C21450}"
EndProject
Global
	GlobalSection(SolutionConfigurationPlatforms) = preSolution
		Debug|Any CPU = Debug|Any CPU
		Release|Any CPU = Release|Any CPU
	EndGlobalSection
	GlobalSection(ProjectConfigurationPlatforms) = postSolution
		{C45A8254-2B28-4B0B-9710-243614EE79CE}.Debug|Any CPU.ActiveCfg = Debug|Any CPU
		{C45A8254-2B28-4B0B-9710-243614EE79CE}.Debug|Any CPU.Build.0 = Debug|Any CPU
		{C45A8254-2B28-4B0B-9710-243614EE79CE}.Debug|Any CPU.Deploy.0 = Debug|Any CPU
		{C45A8254-2B28-4B0B-9710-243614EE79CE}.Release|Any CPU.ActiveCfg = Release|Any CPU
		{C45A8254-2B28-4B0B-9710-243614EE79CE}.Release|Any CPU.Build.0 = Release|Any CPU
		{C45A8254-2B28-4B0B-9710-243614EE79CE}.Release|Any CPU.Deploy.0 = Release|Any CPU
		{D046B860-A41D-44B6-9088-D7B356C21450}.Debug|Any CPU.ActiveCfg = Debug|Any CPU
		{D046B860-A41D-44B6-9088-D7B356C21450}.Debug|Any CPU.Build.0 = Debug|Any CPU
		{D046B860-A41D-44B6-9088-D7B356C21450}.Release|Any CPU.ActiveCfg = Release|Any CPU
		{D046B860-A41D-44B6-9088-D7B356C21450}.Release|Any CPU.Build.0 = Release|Any CPU
	EndGlobalSection
	GlobalSection(SolutionProperties) = preSolution
		HideSolutionNode = FALSE
	EndGlobalSection
EndGlobal
